
Microsoft Visual Studio Solution File, Format Version 12.00
# Visual Studio Version 17
VisualStudioVersion = 17.4.33110.190
MinimumVisualStudioVersion = 10.0.40219.1
Project("{FAE04EC0-301F-11D3-BF4B-00C04F79EFBC}") = "LockingInSqlServer", "LockingInSqlServer\LockingInSqlServer.csproj", "{F721B4C1-932A-4EC3-9CE8-6FF8C56D2070}"
EndProject
Global
	GlobalSection(SolutionConfigurationPlatforms) = preSolution
		Debug|Any CPU = Debug|Any CPU
		Release|Any CPU = Release|Any CPU
	EndGlobalSection
	GlobalSection(ProjectConfigurationPlatforms) = postSolution
		{F721B4C1-932A-4EC3-9CE8-6FF8C56D2070}.Debug|Any CPU.ActiveCfg = Debug|Any CPU
		{F721B4C1-932A-4EC3-9CE8-6FF8C56D2070}.Debug|Any CPU.Build.0 = Debug|Any CPU
		{F721B4C1-932A-4EC3-9CE8-6FF8C56D2070}.Release|Any CPU.ActiveCfg = Release|Any CPU
		{F721B4C1-932A-4EC3-9CE8-6FF8C56D2070}.Release|Any CPU.Build.0 = Release|Any CPU
	EndGlobalSection
	GlobalSection(SolutionProperties) = preSolution
		HideSolutionNode = FALSE
	EndGlobalSection
	GlobalSection(ExtensibilityGlobals) = postSolution
		SolutionGuid = {16FC856E-C971-4186-8B58-0C64C0D061ED}
	EndGlobalSection
EndGlobal
