
Microsoft Visual Studio Solution File, Format Version 12.00
# Visual Studio Version 17
VisualStudioVersion = 17.7.34202.233
MinimumVisualStudioVersion = 10.0.40219.1
Project("{9A19103F-16F7-4668-BE54-9A1E7A4F7556}") = "LockingAlgorithms", "ChaosInProject\LockingAlgorithms.csproj", "{31B11902-2367-4CC9-A564-7FA0FD430563}"
EndProject
Project("{9A19103F-16F7-4668-BE54-9A1E7A4F7556}") = "ConcurrencyAndAlgorithmsComplexity", "ConcurrencyAndAlgorithmsComplexity\ConcurrencyAndAlgorithmsComplexity.csproj", "{DE20827B-0768-4C21-B66E-1062B64B638D}"
EndProject
Global
	GlobalSection(SolutionConfigurationPlatforms) = preSolution
		Debug|Any CPU = Debug|Any CPU
		Release|Any CPU = Release|Any CPU
	EndGlobalSection
	GlobalSection(ProjectConfigurationPlatforms) = postSolution
		{31B11902-2367-4CC9-A564-7FA0FD430563}.Debug|Any CPU.ActiveCfg = Debug|Any CPU
		{31B11902-2367-4CC9-A564-7FA0FD430563}.Debug|Any CPU.Build.0 = Debug|Any CPU
		{31B11902-2367-4CC9-A564-7FA0FD430563}.Release|Any CPU.ActiveCfg = Release|Any CPU
		{31B11902-2367-4CC9-A564-7FA0FD430563}.Release|Any CPU.Build.0 = Release|Any CPU
		{DE20827B-0768-4C21-B66E-1062B64B638D}.Debug|Any CPU.ActiveCfg = Debug|Any CPU
		{DE20827B-0768-4C21-B66E-1062B64B638D}.Debug|Any CPU.Build.0 = Debug|Any CPU
		{DE20827B-0768-4C21-B66E-1062B64B638D}.Release|Any CPU.ActiveCfg = Release|Any CPU
		{DE20827B-0768-4C21-B66E-1062B64B638D}.Release|Any CPU.Build.0 = Release|Any CPU
	EndGlobalSection
	GlobalSection(SolutionProperties) = preSolution
		HideSolutionNode = FALSE
	EndGlobalSection
	GlobalSection(ExtensibilityGlobals) = postSolution
		SolutionGuid = {01FB11F7-FFBA-4B6C-A7A5-72BB8545D2EE}
	EndGlobalSection
EndGlobal
